
Microsoft Visual Studio Solution File, Format Version 12.00
# Visual Studio Version 17
VisualStudioVersion = 17.4.33122.133
MinimumVisualStudioVersion = 10.0.40219.1
Project("{FAE04EC0-301F-11D3-BF4B-00C04F79EFBC}") = "HotelListing.API", "HotelListing.API\HotelListing.API.csproj", "{DDF1211A-F10F-4AFF-B596-66232053F019}"
EndProject
Global
	GlobalSection(SolutionConfigurationPlatforms) = preSolution
		Debug|Any CPU = Debug|Any CPU
		Release|Any CPU = Release|Any CPU
	EndGlobalSection
	GlobalSection(ProjectConfigurationPlatforms) = postSolution
		{DDF1211A-F10F-4AFF-B596-66232053F019}.Debug|Any CPU.ActiveCfg = Debug|Any CPU
		{DDF1211A-F10F-4AFF-B596-66232053F019}.Debug|Any CPU.Build.0 = Debug|Any CPU
		{DDF1211A-F10F-4AFF-B596-66232053F019}.Release|Any CPU.ActiveCfg = Release|Any CPU
		{DDF1211A-F10F-4AFF-B596-66232053F019}.Release|Any CPU.Build.0 = Release|Any CPU
	EndGlobalSection
	GlobalSection(SolutionProperties) = preSolution
		HideSolutionNode = FALSE
	EndGlobalSection
	GlobalSection(ExtensibilityGlobals) = postSolution
		SolutionGuid = {8BA8ADBD-85A3-4CD2-8FA2-5E014AF7827B}
	EndGlobalSection
EndGlobal
